
Microsoft Visual Studio Solution File, Format Version 12.00
# Visual Studio Version 17
VisualStudioVersion = 17.12.35506.116
MinimumVisualStudioVersion = 10.0.40219.1
Project("{FAE04EC0-301F-11D3-BF4B-00C04F79EFBC}") = "App.Repositories", "Repositories\App.Repositories.csproj", "{DEA205C2-B61B-4BCE-979B-052BA570D6DF}"
EndProject
Project("{FAE04EC0-301F-11D3-BF4B-00C04F79EFBC}") = "App.Services", "Services\App.Services.csproj", "{B57CFFCA-B0B7-4DAF-AA69-39E3C91A0DEF}"
EndProject
Project("{FAE04EC0-301F-11D3-BF4B-00C04F79EFBC}") = "App.API", "App.API\App.API.csproj", "{B466ABB5-0083-4267-928B-E1F875B6C589}"
EndProject
Project("{2150E333-8FDC-42A3-9474-1A3956D46DE8}") = "NLayer", "NLayer", "{DAD905E6-975B-47DE-915C-EE7BB9F9A7CB}"
EndProject
Project("{2150E333-8FDC-42A3-9474-1A3956D46DE8}") = "Clean", "Clean", "{45E6534C-7E10-4F34-9605-BE4BC6C8D367}"
EndProject
Project("{2150E333-8FDC-42A3-9474-1A3956D46DE8}") = "src", "src", "{A99BF9E1-8203-490C-8CE1-7729DCA5E312}"
EndProject
Project("{2150E333-8FDC-42A3-9474-1A3956D46DE8}") = "tests", "tests", "{1112F583-1ABD-4B55-AA78-DC7F4A3504B0}"
EndProject
Project("{2150E333-8FDC-42A3-9474-1A3956D46DE8}") = "Core", "Core", "{22EAB063-E804-4FFB-BDE2-ED425A6FB94C}"
EndProject
Project("{FAE04EC0-301F-11D3-BF4B-00C04F79EFBC}") = "Application", "Application\Application.csproj", "{9972BB88-5F48-4917-8D71-9675968DF511}"
EndProject
Project("{FAE04EC0-301F-11D3-BF4B-00C04F79EFBC}") = "Domain", "Domain\Domain.csproj", "{FFB324B5-D28D-41FC-8DA5-06F564812B8E}"
EndProject
Project("{2150E333-8FDC-42A3-9474-1A3956D46DE8}") = "Infrastructure", "Infrastructure", "{01BFB4BD-F61B-4D2F-BC8D-85466B8CF93D}"
EndProject
Project("{FAE04EC0-301F-11D3-BF4B-00C04F79EFBC}") = "Persistence", "Persistence\Persistence.csproj", "{393399BA-DC21-423B-8A28-058DCBA5BBB2}"
EndProject
Project("{2150E333-8FDC-42A3-9474-1A3956D46DE8}") = "Presentatiton", "Presentatiton", "{F3B78B30-7392-442A-A616-6EB203E4082D}"
EndProject
Project("{FAE04EC0-301F-11D3-BF4B-00C04F79EFBC}") = "API", "API\API.csproj", "{1C532349-B821-4EA8-9235-C84FBFFC160E}"
EndProject
Project("{FAE04EC0-301F-11D3-BF4B-00C04F79EFBC}") = "Caching", "Caching\Caching.csproj", "{6CCEBEA8-B874-46E0-B5D8-508ECD15E392}"
EndProject
Global
	GlobalSection(SolutionConfigurationPlatforms) = preSolution
		Debug|Any CPU = Debug|Any CPU
		Release|Any CPU = Release|Any CPU
	EndGlobalSection
	GlobalSection(ProjectConfigurationPlatforms) = postSolution
		{DEA205C2-B61B-4BCE-979B-052BA570D6DF}.Debug|Any CPU.ActiveCfg = Debug|Any CPU
		{DEA205C2-B61B-4BCE-979B-052BA570D6DF}.Debug|Any CPU.Build.0 = Debug|Any CPU
		{DEA205C2-B61B-4BCE-979B-052BA570D6DF}.Release|Any CPU.ActiveCfg = Release|Any CPU
		{DEA205C2-B61B-4BCE-979B-052BA570D6DF}.Release|Any CPU.Build.0 = Release|Any CPU
		{B57CFFCA-B0B7-4DAF-AA69-39E3C91A0DEF}.Debug|Any CPU.ActiveCfg = Debug|Any CPU
		{B57CFFCA-B0B7-4DAF-AA69-39E3C91A0DEF}.Debug|Any CPU.Build.0 = Debug|Any CPU
		{B57CFFCA-B0B7-4DAF-AA69-39E3C91A0DEF}.Release|Any CPU.ActiveCfg = Release|Any CPU
		{B57CFFCA-B0B7-4DAF-AA69-39E3C91A0DEF}.Release|Any CPU.Build.0 = Release|Any CPU
		{B466ABB5-0083-4267-928B-E1F875B6C589}.Debug|Any CPU.ActiveCfg = Debug|Any CPU
		{B466ABB5-0083-4267-928B-E1F875B6C589}.Debug|Any CPU.Build.0 = Debug|Any CPU
		{B466ABB5-0083-4267-928B-E1F875B6C589}.Release|Any CPU.ActiveCfg = Release|Any CPU
		{B466ABB5-0083-4267-928B-E1F875B6C589}.Release|Any CPU.Build.0 = Release|Any CPU
		{9972BB88-5F48-4917-8D71-9675968DF511}.Debug|Any CPU.ActiveCfg = Debug|Any CPU
		{9972BB88-5F48-4917-8D71-9675968DF511}.Debug|Any CPU.Build.0 = Debug|Any CPU
		{9972BB88-5F48-4917-8D71-9675968DF511}.Release|Any CPU.ActiveCfg = Release|Any CPU
		{9972BB88-5F48-4917-8D71-9675968DF511}.Release|Any CPU.Build.0 = Release|Any CPU
		{FFB324B5-D28D-41FC-8DA5-06F564812B8E}.Debug|Any CPU.ActiveCfg = Debug|Any CPU
		{FFB324B5-D28D-41FC-8DA5-06F564812B8E}.Debug|Any CPU.Build.0 = Debug|Any CPU
		{FFB324B5-D28D-41FC-8DA5-06F564812B8E}.Release|Any CPU.ActiveCfg = Release|Any CPU
		{FFB324B5-D28D-41FC-8DA5-06F564812B8E}.Release|Any CPU.Build.0 = Release|Any CPU
		{393399BA-DC21-423B-8A28-058DCBA5BBB2}.Debug|Any CPU.ActiveCfg = Debug|Any CPU
		{393399BA-DC21-423B-8A28-058DCBA5BBB2}.Debug|Any CPU.Build.0 = Debug|Any CPU
		{393399BA-DC21-423B-8A28-058DCBA5BBB2}.Release|Any CPU.ActiveCfg = Release|Any CPU
		{393399BA-DC21-423B-8A28-058DCBA5BBB2}.Release|Any CPU.Build.0 = Release|Any CPU
		{1C532349-B821-4EA8-9235-C84FBFFC160E}.Debug|Any CPU.ActiveCfg = Debug|Any CPU
		{1C532349-B821-4EA8-9235-C84FBFFC160E}.Debug|Any CPU.Build.0 = Debug|Any CPU
		{1C532349-B821-4EA8-9235-C84FBFFC160E}.Release|Any CPU.ActiveCfg = Release|Any CPU
		{1C532349-B821-4EA8-9235-C84FBFFC160E}.Release|Any CPU.Build.0 = Release|Any CPU
		{6CCEBEA8-B874-46E0-B5D8-508ECD15E392}.Debug|Any CPU.ActiveCfg = Debug|Any CPU
		{6CCEBEA8-B874-46E0-B5D8-508ECD15E392}.Debug|Any CPU.Build.0 = Debug|Any CPU
		{6CCEBEA8-B874-46E0-B5D8-508ECD15E392}.Release|Any CPU.ActiveCfg = Release|Any CPU
		{6CCEBEA8-B874-46E0-B5D8-508ECD15E392}.Release|Any CPU.Build.0 = Release|Any CPU
	EndGlobalSection
	GlobalSection(SolutionProperties) = preSolution
		HideSolutionNode = FALSE
	EndGlobalSection
	GlobalSection(NestedProjects) = preSolution
		{DEA205C2-B61B-4BCE-979B-052BA570D6DF} = {DAD905E6-975B-47DE-915C-EE7BB9F9A7CB}
		{B57CFFCA-B0B7-4DAF-AA69-39E3C91A0DEF} = {DAD905E6-975B-47DE-915C-EE7BB9F9A7CB}
		{B466ABB5-0083-4267-928B-E1F875B6C589} = {DAD905E6-975B-47DE-915C-EE7BB9F9A7CB}
		{A99BF9E1-8203-490C-8CE1-7729DCA5E312} = {45E6534C-7E10-4F34-9605-BE4BC6C8D367}
		{1112F583-1ABD-4B55-AA78-DC7F4A3504B0} = {45E6534C-7E10-4F34-9605-BE4BC6C8D367}
		{22EAB063-E804-4FFB-BDE2-ED425A6FB94C} = {A99BF9E1-8203-490C-8CE1-7729DCA5E312}
		{9972BB88-5F48-4917-8D71-9675968DF511} = {22EAB063-E804-4FFB-BDE2-ED425A6FB94C}
		{FFB324B5-D28D-41FC-8DA5-06F564812B8E} = {22EAB063-E804-4FFB-BDE2-ED425A6FB94C}
		{01BFB4BD-F61B-4D2F-BC8D-85466B8CF93D} = {A99BF9E1-8203-490C-8CE1-7729DCA5E312}
		{393399BA-DC21-423B-8A28-058DCBA5BBB2} = {01BFB4BD-F61B-4D2F-BC8D-85466B8CF93D}
		{F3B78B30-7392-442A-A616-6EB203E4082D} = {A99BF9E1-8203-490C-8CE1-7729DCA5E312}
		{1C532349-B821-4EA8-9235-C84FBFFC160E} = {F3B78B30-7392-442A-A616-6EB203E4082D}
		{6CCEBEA8-B874-46E0-B5D8-508ECD15E392} = {01BFB4BD-F61B-4D2F-BC8D-85466B8CF93D}
	EndGlobalSection
EndGlobal
